
Microsoft Visual Studio Solution File, Format Version 12.00
# Visual Studio 2013
Project("{FAE04EC0-301F-11D3-BF4B-00C04F79EFBC}") = "ToluaUGUI.CSharp", "ToluaUGUI.CSharp.csproj", "{258AAB43-06C5-0D1B-C585-E0B312D3F150}"
EndProject
Project("{FAE04EC0-301F-11D3-BF4B-00C04F79EFBC}") = "ToluaUGUI.CSharp.Editor", "ToluaUGUI.CSharp.Editor.csproj", "{6B780877-F52D-D652-EF2F-22625803AC38}"
EndProject
Global
	GlobalSection(SolutionConfigurationPlatforms) = preSolution
		Debug|Any CPU = Debug|Any CPU
		Release|Any CPU = Release|Any CPU
	EndGlobalSection
	GlobalSection(ProjectConfigurationPlatforms) = postSolution
		{258AAB43-06C5-0D1B-C585-E0B312D3F150}.Debug|Any CPU.ActiveCfg = Debug|Any CPU
		{258AAB43-06C5-0D1B-C585-E0B312D3F150}.Debug|Any CPU.Build.0 = Debug|Any CPU
		{258AAB43-06C5-0D1B-C585-E0B312D3F150}.Release|Any CPU.ActiveCfg = Release|Any CPU
		{258AAB43-06C5-0D1B-C585-E0B312D3F150}.Release|Any CPU.Build.0 = Release|Any CPU
		{6B780877-F52D-D652-EF2F-22625803AC38}.Debug|Any CPU.ActiveCfg = Debug|Any CPU
		{6B780877-F52D-D652-EF2F-22625803AC38}.Debug|Any CPU.Build.0 = Debug|Any CPU
		{6B780877-F52D-D652-EF2F-22625803AC38}.Release|Any CPU.ActiveCfg = Release|Any CPU
		{6B780877-F52D-D652-EF2F-22625803AC38}.Release|Any CPU.Build.0 = Release|Any CPU
	EndGlobalSection
	GlobalSection(SolutionProperties) = preSolution
		HideSolutionNode = FALSE
	EndGlobalSection
EndGlobal
